// !$*UTF8*$!
{
	archiveVersion = 1;
	classes = {
	};
	objectVersion = 77;
	objects = {

/* Begin PBXContainerItemProxy section */
		18E527AF2E3A752B007DDAD2 /* PBXContainerItemProxy */ = {
			isa = PBXContainerItemProxy;
			containerPortal = 18E527962E3A752A007DDAD2 /* Project object */;
			proxyType = 1;
			remoteGlobalIDString = 18E5279D2E3A752A007DDAD2;
			remoteInfo = "Personal Game";
		};
		18E527B92E3A752B007DDAD2 /* PBXContainerItemProxy */ = {
			isa = PBXContainerItemProxy;
			containerPortal = 18E527962E3A752A007DDAD2 /* Project object */;
			proxyType = 1;
			remoteGlobalIDString = 18E5279D2E3A752A007DDAD2;
			remoteInfo = "Personal Game";
		};
/* End PBXContainerItemProxy section */

/* Begin PBXFileReference section */
		18E5279E2E3A752A007DDAD2 /* Personal Game.app */ = {isa = PBXFileReference; explicitFileType = wrapper.application; includeInIndex = 0; path = "Personal Game.app"; sourceTree = BUILT_PRODUCTS_DIR; };
		18E527AE2E3A752B007DDAD2 /* Personal GameTests.xctest */ = {isa = PBXFileReference; explicitFileType = wrapper.cfbundle; includeInIndex = 0; path = "Personal GameTests.xctest"; sourceTree = BUILT_PRODUCTS_DIR; };
		18E527B82E3A752B007DDAD2 /* Personal GameUITests.xctest */ = {isa = PBXFileReference; explicitFileType = wrapper.cfbundle; includeInIndex = 0; path = "Personal GameUITests.xctest"; sourceTree = BUILT_PRODUCTS_DIR; };
/* End PBXFileReference section */

/* Begin PBXFileSystemSynchronizedRootGroup section */
		18E527A02E3A752A007DDAD2 /* Personal Game */ = {
			isa = PBXFileSystemSynchronizedRootGroup;
			path = "Personal Game";
			sourceTree = "<group>";
		};
		18E527B12E3A752B007DDAD2 /* Personal GameTests */ = {
			isa = PBXFileSystemSynchronizedRootGroup;
			path = "Personal GameTests";
			sourceTree = "<group>";
		};
		18E527BB2E3A752B007DDAD2 /* Personal GameUITests */ = {
			isa = PBXFileSystemSynchronizedRootGroup;
			path = "Personal GameUITests";
			sourceTree = "<group>";
		};
/* End PBXFileSystemSynchronizedRootGroup section */

/* Begin PBXFrameworksBuildPhase section */
		18E5279B2E3A752A007DDAD2 /* Frameworks */ = {
			isa = PBXFrameworksBuildPhase;
			buildActionMask = 2147483647;
			files = (
			);
			runOnlyForDeploymentPostprocessing = 0;
		};
		18E527AB2E3A752B007DDAD2 /* Frameworks */ = {
			isa = PBXFrameworksBuildPhase;
			buildActionMask = 2147483647;
			files = (
			);
			runOnlyForDeploymentPostprocessing = 0;
		};
		18E527B52E3A752B007DDAD2 /* Frameworks */ = {
			isa = PBXFrameworksBuildPhase;
			buildActionMask = 2147483647;
			files = (
			);
			runOnlyForDeploymentPostprocessing = 0;
		};
/* End PBXFrameworksBuildPhase section */

/* Begin PBXGroup section */
		18E527952E3A752A007DDAD2 = {
			isa = PBXGroup;
			children = (
				18E527A02E3A752A007DDAD2 /* Personal Game */,
				18E527B12E3A752B007DDAD2 /* Personal GameTests */,
				18E527BB2E3A752B007DDAD2 /* Personal GameUITests */,
				18E5279F2E3A752A007DDAD2 /* Products */,
			);
			sourceTree = "<group>";
		};
		18E5279F2E3A752A007DDAD2 /* Products */ = {
			isa = PBXGroup;
			children = (
				18E5279E2E3A752A007DDAD2 /* Personal Game.app */,
				18E527AE2E3A752B007DDAD2 /* Personal GameTests.xctest */,
				18E527B82E3A752B007DDAD2 /* Personal GameUITests.xctest */,
			);
			name = Products;
			sourceTree = "<group>";
		};
/* End PBXGroup section */

/* Begin PBXNativeTarget section */
		18E5279D2E3A752A007DDAD2 /* Personal Game */ = {
			isa = PBXNativeTarget;
			buildConfigurationList = 18E527C22E3A752B007DDAD2 /* Build configuration list for PBXNativeTarget "Personal Game" */;
			buildPhases = (
				18E5279A2E3A752A007DDAD2 /* Sources */,
				18E5279B2E3A752A007DDAD2 /* Frameworks */,
				18E5279C2E3A752A007DDAD2 /* Resources */,
			);
			buildRules = (
			);
			dependencies = (
			);
			fileSystemSynchronizedGroups = (
				18E527A02E3A752A007DDAD2 /* Personal Game */,
			);
			name = "Personal Game";
			packageProductDependencies = (
			);
			productName = "Personal Game";
			productReference = 18E5279E2E3A752A007DDAD2 /* Personal Game.app */;
			productType = "com.apple.product-type.application";
		};
		18E527AD2E3A752B007DDAD2 /* Personal GameTests */ = {
			isa = PBXNativeTarget;
			buildConfigurationList = 18E527C52E3A752B007DDAD2 /* Build configuration list for PBXNativeTarget "Personal GameTests" */;
			buildPhases = (
				18E527AA2E3A752B007DDAD2 /* Sources */,
				18E527AB2E3A752B007DDAD2 /* Frameworks */,
				18E527AC2E3A752B007DDAD2 /* Resources */,
			);
			buildRules = (
			);
			dependencies = (
				18E527B02E3A752B007DDAD2 /* PBXTargetDependency */,
			);
			fileSystemSynchronizedGroups = (
				18E527B12E3A752B007DDAD2 /* Personal GameTests */,
			);
			name = "Personal GameTests";
			packageProductDependencies = (
			);
			productName = "Personal GameTests";
			productReference = 18E527AE2E3A752B007DDAD2 /* Personal GameTests.xctest */;
			productType = "com.apple.product-type.bundle.unit-test";
		};
		18E527B72E3A752B007DDAD2 /* Personal GameUITests */ = {
			isa = PBXNativeTarget;
			buildConfigurationList = 18E527C82E3A752B007DDAD2 /* Build configuration list for PBXNativeTarget "Personal GameUITests" */;
			buildPhases = (
				18E527B42E3A752B007DDAD2 /* Sources */,
				18E527B52E3A752B007DDAD2 /* Frameworks */,
				18E527B62E3A752B007DDAD2 /* Resources */,
			);
			buildRules = (
			);
			dependencies = (
				18E527BA2E3A752B007DDAD2 /* PBXTargetDependency */,
			);
			fileSystemSynchronizedGroups = (
				18E527BB2E3A752B007DDAD2 /* Personal GameUITests */,
			);
			name = "Personal GameUITests";
			packageProductDependencies = (
			);
			productName = "Personal GameUITests";
			productReference = 18E527B82E3A752B007DDAD2 /* Personal GameUITests.xctest */;
			productType = "com.apple.product-type.bundle.ui-testing";
		};
/* End PBXNativeTarget section */

/* Begin PBXProject section */
		18E527962E3A752A007DDAD2 /* Project object */ = {
			isa = PBXProject;
			attributes = {
				BuildIndependentTargetsInParallel = 1;
				LastSwiftUpdateCheck = 1620;
				LastUpgradeCheck = 1620;
				TargetAttributes = {
					18E5279D2E3A752A007DDAD2 = {
						CreatedOnToolsVersion = 16.2;
					};
					18E527AD2E3A752B007DDAD2 = {
						CreatedOnToolsVersion = 16.2;
						TestTargetID = 18E5279D2E3A752A007DDAD2;
					};
					18E527B72E3A752B007DDAD2 = {
						CreatedOnToolsVersion = 16.2;
						TestTargetID = 18E5279D2E3A752A007DDAD2;
					};
				};
			};
			buildConfigurationList = 18E527992E3A752A007DDAD2 /* Build configuration list for PBXProject "Personal Game" */;
			developmentRegion = en;
			hasScannedForEncodings = 0;
			knownRegions = (
				en,
				Base,
			);
			mainGroup = 18E527952E3A752A007DDAD2;
			minimizedProjectReferenceProxies = 1;
			preferredProjectObjectVersion = 77;
			productRefGroup = 18E5279F2E3A752A007DDAD2 /* Products */;
			projectDirPath = "";
			projectRoot = "";
			targets = (
				18E5279D2E3A752A007DDAD2 /* Personal Game */,
				18E527AD2E3A752B007DDAD2 /* Personal GameTests */,
				18E527B72E3A752B007DDAD2 /* Personal GameUITests */,
			);
		};
/* End PBXProject section */

/* Begin PBXResourcesBuildPhase section */
		18E5279C2E3A752A007DDAD2 /* Resources */ = {
			isa = PBXResourcesBuildPhase;
			buildActionMask = 2147483647;
			files = (
			);
			runOnlyForDeploymentPostprocessing = 0;
		};
		18E527AC2E3A752B007DDAD2 /* Resources */ = {
			isa = PBXResourcesBuildPhase;
			buildActionMask = 2147483647;
			files = (
			);
			runOnlyForDeploymentPostprocessing = 0;
		};
		18E527B62E3A752B007DDAD2 /* Resources */ = {
			isa = PBXResourcesBuildPhase;
			buildActionMask = 2147483647;
			files = (
			);
			runOnlyForDeploymentPostprocessing = 0;
		};
/* End PBXResourcesBuildPhase section */

/* Begin PBXSourcesBuildPhase section */
		18E5279A2E3A752A007DDAD2 /* Sources */ = {
			isa = PBXSourcesBuildPhase;
			buildActionMask = 2147483647;
			files = (
			);
			runOnlyForDeploymentPostprocessing = 0;
		};
		18E527AA2E3A752B007DDAD2 /* Sources */ = {
			isa = PBXSourcesBuildPhase;
			buildActionMask = 2147483647;
			files = (
			);
			runOnlyForDeploymentPostprocessing = 0;
		};
		18E527B42E3A752B007DDAD2 /* Sources */ = {
			isa = PBXSourcesBuildPhase;
			buildActionMask = 2147483647;
			files = (
			);
			runOnlyForDeploymentPostprocessing = 0;
		};
/* End PBXSourcesBuildPhase section */

/* Begin PBXTargetDependency section */
		18E527B02E3A752B007DDAD2 /* PBXTargetDependency */ = {
			isa = PBXTargetDependency;
			target = 18E5279D2E3A752A007DDAD2 /* Personal Game */;
			targetProxy = 18E527AF2E3A752B007DDAD2 /* PBXContainerItemProxy */;
		};
		18E527BA2E3A752B007DDAD2 /* PBXTargetDependency */ = {
			isa = PBXTargetDependency;
			target = 18E5279D2E3A752A007DDAD2 /* Personal Game */;
			targetProxy = 18E527B92E3A752B007DDAD2 /* PBXContainerItemProxy */;
		};
/* End PBXTargetDependency section */

/* Begin XCBuildConfiguration section */
		18E527C02E3A752B007DDAD2 /* Debug */ = {
			isa = XCBuildConfiguration;
			buildSettings = {
				ALWAYS_SEARCH_USER_PATHS = NO;
				ASSETCATALOG_COMPILER_GENERATE_SWIFT_ASSET_SYMBOL_EXTENSIONS = YES;
				CLANG_ANALYZER_NONNULL = YES;
				CLANG_ANALYZER_NUMBER_OBJECT_CONVERSION = YES_AGGRESSIVE;
				CLANG_CXX_LANGUAGE_STANDARD = "gnu++20";
				CLANG_ENABLE_MODULES = YES;
				CLANG_ENABLE_OBJC_ARC = YES;
				CLANG_ENABLE_OBJC_WEAK = YES;
				CLANG_WARN_BLOCK_CAPTURE_AUTORELEASING = YES;
				CLANG_WARN_BOOL_CONVERSION = YES;
				CLANG_WARN_COMMA = YES;
				CLANG_WARN_CONSTANT_CONVERSION = YES;
				CLANG_WARN_DEPRECATED_OBJC_IMPLEMENTATIONS = YES;
				CLANG_WARN_DIRECT_OBJC_ISA_USAGE = YES_ERROR;
				CLANG_WARN_DOCUMENTATION_COMMENTS = YES;
				CLANG_WARN_EMPTY_BODY = YES;
				CLANG_WARN_ENUM_CONVERSION = YES;
				CLANG_WARN_INFINITE_RECURSION = YES;
				CLANG_WARN_INT_CONVERSION = YES;
				CLANG_WARN_NON_LITERAL_NULL_CONVERSION = YES;
				CLANG_WARN_OBJC_IMPLICIT_RETAIN_SELF = YES;
				CLANG_WARN_OBJC_LITERAL_CONVERSION = YES;
				CLANG_WARN_OBJC_ROOT_CLASS = YES_ERROR;
				CLANG_WARN_QUOTED_INCLUDE_IN_FRAMEWORK_HEADER = YES;
				CLANG_WARN_RANGE_LOOP_ANALYSIS = YES;
				CLANG_WARN_STRICT_PROTOTYPES = YES;
				CLANG_WARN_SUSPICIOUS_MOVE = YES;
				CLANG_WARN_UNGUARDED_AVAILABILITY = YES_AGGRESSIVE;
				CLANG_WARN_UNREACHABLE_CODE = YES;
				CLANG_WARN__DUPLICATE_METHOD_MATCH = YES;
				COPY_PHASE_STRIP = NO;
				DEBUG_INFORMATION_FORMAT = dwarf;
				ENABLE_STRICT_OBJC_MSGSEND = YES;
				ENABLE_TESTABILITY = YES;
				ENABLE_USER_SCRIPT_SANDBOXING = YES;
				GCC_C_LANGUAGE_STANDARD = gnu17;
				GCC_DYNAMIC_NO_PIC = NO;
				GCC_NO_COMMON_BLOCKS = YES;
				GCC_OPTIMIZATION_LEVEL = 0;
				GCC_PREPROCESSOR_DEFINITIONS = (
					"DEBUG=1",
					"$(inherited)",
				);
				GCC_WARN_64_TO_32_BIT_CONVERSION = YES;
				GCC_WARN_ABOUT_RETURN_TYPE = YES_ERROR;
				GCC_WARN_UNDECLARED_SELECTOR = YES;
				GCC_WARN_UNINITIALIZED_AUTOS = YES_AGGRESSIVE;
				GCC_WARN_UNUSED_FUNCTION = YES;
				GCC_WARN_UNUSED_VARIABLE = YES;
				IPHONEOS_DEPLOYMENT_TARGET = 18.2;
				LOCALIZATION_PREFERS_STRING_CATALOGS = YES;
				MTL_ENABLE_DEBUG_INFO = INCLUDE_SOURCE;
				MTL_FAST_MATH = YES;
				ONLY_ACTIVE_ARCH = YES;
				SDKROOT = iphoneos;
				SWIFT_ACTIVE_COMPILATION_CONDITIONS = "DEBUG $(inherited)";
				SWIFT_OPTIMIZATION_LEVEL = "-Onone";
			};
			name = Debug;
		};
		18E527C12E3A752B007DDAD2 /* Release */ = {
			isa = XCBuildConfiguration;
			buildSettings = {
				ALWAYS_SEARCH_USER_PATHS = NO;
				ASSETCATALOG_COMPILER_GENERATE_SWIFT_ASSET_SYMBOL_EXTENSIONS = YES;
				CLANG_ANALYZER_NONNULL = YES;
				CLANG_ANALYZER_NUMBER_OBJECT_CONVERSION = YES_AGGRESSIVE;
				CLANG_CXX_LANGUAGE_STANDARD = "gnu++20";
				CLANG_ENABLE_MODULES = YES;
				CLANG_ENABLE_OBJC_ARC = YES;
				CLANG_ENABLE_OBJC_WEAK = YES;
				CLANG_WARN_BLOCK_CAPTURE_AUTORELEASING = YES;
				CLANG_WARN_BOOL_CONVERSION = YES;
				CLANG_WARN_COMMA = YES;
				CLANG_WARN_CONSTANT_CONVERSION = YES;
				CLANG_WARN_DEPRECATED_OBJC_IMPLEMENTATIONS = YES;
				CLANG_WARN_DIRECT_OBJC_ISA_USAGE = YES_ERROR;
				CLANG_WARN_DOCUMENTATION_COMMENTS = YES;
				CLANG_WARN_EMPTY_BODY = YES;
				CLANG_WARN_ENUM_CONVERSION = YES;
				CLANG_WARN_INFINITE_RECURSION = YES;
				CLANG_WARN_INT_CONVERSION = YES;
				CLANG_WARN_NON_LITERAL_NULL_CONVERSION = YES;
				CLANG_WARN_OBJC_IMPLICIT_RETAIN_SELF = YES;
				CLANG_WARN_OBJC_LITERAL_CONVERSION = YES;
				CLANG_WARN_OBJC_ROOT_CLASS = YES_ERROR;
				CLANG_WARN_QUOTED_INCLUDE_IN_FRAMEWORK_HEADER = YES;
				CLANG_WARN_RANGE_LOOP_ANALYSIS = YES;
				CLANG_WARN_STRICT_PROTOTYPES = YES;
				CLANG_WARN_SUSPICIOUS_MOVE = YES;
				CLANG_WARN_UNGUARDED_AVAILABILITY = YES_AGGRESSIVE;
				CLANG_WARN_UNREACHABLE_CODE = YES;
				CLANG_WARN__DUPLICATE_METHOD_MATCH = YES;
				COPY_PHASE_STRIP = NO;
				DEBUG_INFORMATION_FORMAT = "dwarf-with-dsym";
				ENABLE_NS_ASSERTIONS = NO;
				ENABLE_STRICT_OBJC_MSGSEND = YES;
				ENABLE_USER_SCRIPT_SANDBOXING = YES;
				GCC_C_LANGUAGE_STANDARD = gnu17;
				GCC_NO_COMMON_BLOCKS = YES;
				GCC_WARN_64_TO_32_BIT_CONVERSION = YES;
				GCC_WARN_ABOUT_RETURN_TYPE = YES_ERROR;
				GCC_WARN_UNDECLARED_SELECTOR = YES;
				GCC_WARN_UNINITIALIZED_AUTOS = YES_AGGRESSIVE;
				GCC_WARN_UNUSED_FUNCTION = YES;
				GCC_WARN_UNUSED_VARIABLE = YES;
				IPHONEOS_DEPLOYMENT_TARGET = 18.2;
				LOCALIZATION_PREFERS_STRING_CATALOGS = YES;
				MTL_ENABLE_DEBUG_INFO = NO;
				MTL_FAST_MATH = YES;
				SDKROOT = iphoneos;
				SWIFT_COMPILATION_MODE = wholemodule;
				VALIDATE_PRODUCT = YES;
			};
			name = Release;
		};
		18E527C32E3A752B007DDAD2 /* Debug */ = {
			isa = XCBuildConfiguration;
			buildSettings = {
				ASSETCATALOG_COMPILER_APPICON_NAME = AppIcon;
				ASSETCATALOG_COMPILER_GLOBAL_ACCENT_COLOR_NAME = AccentColor;
				CODE_SIGN_STYLE = Automatic;
				CURRENT_PROJECT_VERSION = 1;
				DEVELOPMENT_ASSET_PATHS = "\"Personal Game/Preview Content\"";
				DEVELOPMENT_TEAM = 3L665VT48H;
				ENABLE_PREVIEWS = YES;
				GENERATE_INFOPLIST_FILE = YES;
				INFOPLIST_KEY_UIApplicationSceneManifest_Generation = YES;
				INFOPLIST_KEY_UIApplicationSupportsIndirectInputEvents = YES;
				INFOPLIST_KEY_UILaunchScreen_Generation = YES;
				INFOPLIST_KEY_UISupportedInterfaceOrientations_iPad = "UIInterfaceOrientationPortrait UIInterfaceOrientationPortraitUpsideDown UIInterfaceOrientationLandscapeLeft UIInterfaceOrientationLandscapeRight";
				INFOPLIST_KEY_UISupportedInterfaceOrientations_iPhone = "UIInterfaceOrientationPortrait UIInterfaceOrientationLandscapeLeft UIInterfaceOrientationLandscapeRight";
				LD_RUNPATH_SEARCH_PATHS = (
					"$(inherited)",
					"@executable_path/Frameworks",
				);
				MARKETING_VERSION = 1.0;
				PRODUCT_BUNDLE_IDENTIFIER = "COM.Jamaica.Personal-Game";
				PRODUCT_NAME = "$(TARGET_NAME)";
				SWIFT_EMIT_LOC_STRINGS = YES;
				SWIFT_VERSION = 5.0;
				TARGETED_DEVICE_FAMILY = "1,2";
			};
			name = Debug;
		};
		18E527C42E3A752B007DDAD2 /* Release */ = {
			isa = XCBuildConfiguration;
			buildSettings = {
				ASSETCATALOG_COMPILER_APPICON_NAME = AppIcon;
				ASSETCATALOG_COMPILER_GLOBAL_ACCENT_COLOR_NAME = AccentColor;
				CODE_SIGN_STYLE = Automatic;
				CURRENT_PROJECT_VERSION = 1;
				DEVELOPMENT_ASSET_PATHS = "\"Personal Game/Preview Content\"";
				DEVELOPMENT_TEAM = 3L665VT48H;
				ENABLE_PREVIEWS = YES;
				GENERATE_INFOPLIST_FILE = YES;
				INFOPLIST_KEY_UIApplicationSceneManifest_Generation = YES;
				INFOPLIST_KEY_UIApplicationSupportsIndirectInputEvents = YES;
				INFOPLIST_KEY_UILaunchScreen_Generation = YES;
				INFOPLIST_KEY_UISupportedInterfaceOrientations_iPad = "UIInterfaceOrientationPortrait UIInterfaceOrientationPortraitUpsideDown UIInterfaceOrientationLandscapeLeft UIInterfaceOrientationLandscapeRight";
				INFOPLIST_KEY_UISupportedInterfaceOrientations_iPhone = "UIInterfaceOrientationPortrait UIInterfaceOrientationLandscapeLeft UIInterfaceOrientationLandscapeRight";
				LD_RUNPATH_SEARCH_PATHS = (
					"$(inherited)",
					"@executable_path/Frameworks",
				);
				MARKETING_VERSION = 1.0;
				PRODUCT_BUNDLE_IDENTIFIER = "COM.Jamaica.Personal-Game";
				PRODUCT_NAME = "$(TARGET_NAME)";
				SWIFT_EMIT_LOC_STRINGS = YES;
				SWIFT_VERSION = 5.0;
				TARGETED_DEVICE_FAMILY = "1,2";
			};
			name = Release;
		};
		18E527C62E3A752B007DDAD2 /* Debug */ = {
			isa = XCBuildConfiguration;
			buildSettings = {
				BUNDLE_LOADER = "$(TEST_HOST)";
				CODE_SIGN_STYLE = Automatic;
				CURRENT_PROJECT_VERSION = 1;
				GENERATE_INFOPLIST_FILE = YES;
				IPHONEOS_DEPLOYMENT_TARGET = 18.2;
				MARKETING_VERSION = 1.0;
				PRODUCT_BUNDLE_IDENTIFIER = "COM.Jamaica.Personal-GameTests";
				PRODUCT_NAME = "$(TARGET_NAME)";
				SWIFT_EMIT_LOC_STRINGS = NO;
				SWIFT_VERSION = 5.0;
				TARGETED_DEVICE_FAMILY = "1,2";
				TEST_HOST = "$(BUILT_PRODUCTS_DIR)/Personal Game.app/$(BUNDLE_EXECUTABLE_FOLDER_PATH)/Personal Game";
			};
			name = Debug;
		};
		18E527C72E3A752B007DDAD2 /* Release */ = {
			isa = XCBuildConfiguration;
			buildSettings = {
				BUNDLE_LOADER = "$(TEST_HOST)";
				CODE_SIGN_STYLE = Automatic;
				CURRENT_PROJECT_VERSION = 1;
				GENERATE_INFOPLIST_FILE = YES;
				IPHONEOS_DEPLOYMENT_TARGET = 18.2;
				MARKETING_VERSION = 1.0;
				PRODUCT_BUNDLE_IDENTIFIER = "COM.Jamaica.Personal-GameTests";
				PRODUCT_NAME = "$(TARGET_NAME)";
				SWIFT_EMIT_LOC_STRINGS = NO;
				SWIFT_VERSION = 5.0;
				TARGETED_DEVICE_FAMILY = "1,2";
				TEST_HOST = "$(BUILT_PRODUCTS_DIR)/Personal Game.app/$(BUNDLE_EXECUTABLE_FOLDER_PATH)/Personal Game";
			};
			name = Release;
		};
		18E527C92E3A752B007DDAD2 /* Debug */ = {
			isa = XCBuildConfiguration;
			buildSettings = {
				CODE_SIGN_STYLE = Automatic;
				CURRENT_PROJECT_VERSION = 1;
				GENERATE_INFOPLIST_FILE = YES;
				MARKETING_VERSION = 1.0;
				PRODUCT_BUNDLE_IDENTIFIER = "COM.Jamaica.Personal-GameUITests";
				PRODUCT_NAME = "$(TARGET_NAME)";
				SWIFT_EMIT_LOC_STRINGS = NO;
				SWIFT_VERSION = 5.0;
				TARGETED_DEVICE_FAMILY = "1,2";
				TEST_TARGET_NAME = "Personal Game";
			};
			name = Debug;
		};
		18E527CA2E3A752B007DDAD2 /* Release */ = {
			isa = XCBuildConfiguration;
			buildSettings = {
				CODE_SIGN_STYLE = Automatic;
				CURRENT_PROJECT_VERSION = 1;
				GENERATE_INFOPLIST_FILE = YES;
				MARKETING_VERSION = 1.0;
				PRODUCT_BUNDLE_IDENTIFIER = "COM.Jamaica.Personal-GameUITests";
				PRODUCT_NAME = "$(TARGET_NAME)";
				SWIFT_EMIT_LOC_STRINGS = NO;
				SWIFT_VERSION = 5.0;
				TARGETED_DEVICE_FAMILY = "1,2";
				TEST_TARGET_NAME = "Personal Game";
			};
			name = Release;
		};
/* End XCBuildConfiguration section */

/* Begin XCConfigurationList section */
		18E527992E3A752A007DDAD2 /* Build configuration list for PBXProject "Personal Game" */ = {
			isa = XCConfigurationList;
			buildConfigurations = (
				18E527C02E3A752B007DDAD2 /* Debug */,
				18E527C12E3A752B007DDAD2 /* Release */,
			);
			defaultConfigurationIsVisible = 0;
			defaultConfigurationName = Release;
		};
		18E527C22E3A752B007DDAD2 /* Build configuration list for PBXNativeTarget "Personal Game" */ = {
			isa = XCConfigurationList;
			buildConfigurations = (
				18E527C32E3A752B007DDAD2 /* Debug */,
				18E527C42E3A752B007DDAD2 /* Release */,
			);
			defaultConfigurationIsVisible = 0;
			defaultConfigurationName = Release;
		};
		18E527C52E3A752B007DDAD2 /* Build configuration list for PBXNativeTarget "Personal GameTests" */ = {
			isa = XCConfigurationList;
			buildConfigurations = (
				18E527C62E3A752B007DDAD2 /* Debug */,
				18E527C72E3A752B007DDAD2 /* Release */,
			);
			defaultConfigurationIsVisible = 0;
			defaultConfigurationName = Release;
		};
		18E527C82E3A752B007DDAD2 /* Build configuration list for PBXNativeTarget "Personal GameUITests" */ = {
			isa = XCConfigurationList;
			buildConfigurations = (
				18E527C92E3A752B007DDAD2 /* Debug */,
				18E527CA2E3A752B007DDAD2 /* Release */,
			);
			defaultConfigurationIsVisible = 0;
			defaultConfigurationName = Release;
		};
/* End XCConfigurationList section */
	};
	rootObject = 18E527962E3A752A007DDAD2 /* Project object */;
}
